
Microsoft Visual Studio Solution File, Format Version 12.00
# Visual Studio Version 17
VisualStudioVersion = 17.14.36717.8 d17.14
MinimumVisualStudioVersion = 10.0.40219.1
Project("{FAE04EC0-301F-11D3-BF4B-00C04F79EFBC}") = "ConsoleApp1", "ConsoleApp1\ConsoleApp1.csproj", "{76B0339B-A8DC-482A-AAF9-075B575B8BEC}"
EndProject
Global
	GlobalSection(SolutionConfigurationPlatforms) = preSolution
		Debug|Any CPU = Debug|Any CPU
		Release|Any CPU = Release|Any CPU
	EndGlobalSection
	GlobalSection(ProjectConfigurationPlatforms) = postSolution
		{76B0339B-A8DC-482A-AAF9-075B575B8BEC}.Debug|Any CPU.ActiveCfg = Debug|Any CPU
		{76B0339B-A8DC-482A-AAF9-075B575B8BEC}.Debug|Any CPU.Build.0 = Debug|Any CPU
		{76B0339B-A8DC-482A-AAF9-075B575B8BEC}.Release|Any CPU.ActiveCfg = Release|Any CPU
		{76B0339B-A8DC-482A-AAF9-075B575B8BEC}.Release|Any CPU.Build.0 = Release|Any CPU
	EndGlobalSection
	GlobalSection(SolutionProperties) = preSolution
		HideSolutionNode = FALSE
	EndGlobalSection
	GlobalSection(ExtensibilityGlobals) = postSolution
		SolutionGuid = {8349FF6D-4846-4593-A1E1-2FC6A4189E5E}
	EndGlobalSection
EndGlobal
